
Microsoft Visual Studio Solution File, Format Version 12.00
Project("{FAE04EC0-301F-11D3-BF4B-00C04F79EFBC}") = "NeueVox", "NeueVox\NeueVox.csproj", "{A8F46E07-B7A4-4E57-BDC7-5F21697D525F}"
EndProject
Project("{FAE04EC0-301F-11D3-BF4B-00C04F79EFBC}") = "NeueVox.Model", "NeueVox.Model\NeueVox.Model.csproj", "{B02191FF-09C0-49FA-8967-178C3986760D}"
EndProject
Project("{2150E333-8FDC-42A3-9474-1A3956D46DE8}") = "Solution Items", "Solution Items", "{B941FF23-326A-4C17-919F-9ED85F14AF63}"
	ProjectSection(SolutionItems) = preProject
		compose.yaml = compose.yaml
	EndProjectSection
EndProject
Project("{FAE04EC0-301F-11D3-BF4B-00C04F79EFBC}") = "NeueVox.Repository", "NeueVox.Repository\NeueVox.Repository.csproj", "{80EF2429-37E7-42CD-85CA-BE64EFCEE04A}"
EndProject
Project("{FAE04EC0-301F-11D3-BF4B-00C04F79EFBC}") = "NeueVox.Service", "NeueVox.Service\NeueVox.Service.csproj", "{2F904E4E-CE7A-407F-BE65-0B90F5AB1B74}"
EndProject
Global
	GlobalSection(SolutionConfigurationPlatforms) = preSolution
		Debug|Any CPU = Debug|Any CPU
		Release|Any CPU = Release|Any CPU
	EndGlobalSection
	GlobalSection(ProjectConfigurationPlatforms) = postSolution
		{A8F46E07-B7A4-4E57-BDC7-5F21697D525F}.Debug|Any CPU.ActiveCfg = Debug|Any CPU
		{A8F46E07-B7A4-4E57-BDC7-5F21697D525F}.Debug|Any CPU.Build.0 = Debug|Any CPU
		{A8F46E07-B7A4-4E57-BDC7-5F21697D525F}.Release|Any CPU.ActiveCfg = Release|Any CPU
		{A8F46E07-B7A4-4E57-BDC7-5F21697D525F}.Release|Any CPU.Build.0 = Release|Any CPU
		{B02191FF-09C0-49FA-8967-178C3986760D}.Debug|Any CPU.ActiveCfg = Debug|Any CPU
		{B02191FF-09C0-49FA-8967-178C3986760D}.Debug|Any CPU.Build.0 = Debug|Any CPU
		{B02191FF-09C0-49FA-8967-178C3986760D}.Release|Any CPU.ActiveCfg = Release|Any CPU
		{B02191FF-09C0-49FA-8967-178C3986760D}.Release|Any CPU.Build.0 = Release|Any CPU
		{80EF2429-37E7-42CD-85CA-BE64EFCEE04A}.Debug|Any CPU.ActiveCfg = Debug|Any CPU
		{80EF2429-37E7-42CD-85CA-BE64EFCEE04A}.Debug|Any CPU.Build.0 = Debug|Any CPU
		{80EF2429-37E7-42CD-85CA-BE64EFCEE04A}.Release|Any CPU.ActiveCfg = Release|Any CPU
		{80EF2429-37E7-42CD-85CA-BE64EFCEE04A}.Release|Any CPU.Build.0 = Release|Any CPU
		{2F904E4E-CE7A-407F-BE65-0B90F5AB1B74}.Debug|Any CPU.ActiveCfg = Debug|Any CPU
		{2F904E4E-CE7A-407F-BE65-0B90F5AB1B74}.Debug|Any CPU.Build.0 = Debug|Any CPU
		{2F904E4E-CE7A-407F-BE65-0B90F5AB1B74}.Release|Any CPU.ActiveCfg = Release|Any CPU
		{2F904E4E-CE7A-407F-BE65-0B90F5AB1B74}.Release|Any CPU.Build.0 = Release|Any CPU
	EndGlobalSection
EndGlobal
